
Microsoft Visual Studio Solution File, Format Version 12.00
# Visual Studio 15
VisualStudioVersion = 15.0.28307.779
MinimumVisualStudioVersion = 10.0.40219.1
Project("{9A19103F-16F7-4668-BE54-9A1E7A4F7556}") = "CSharp_CheatSheet", "CSharp_CheatSheet\CSharp_CheatSheet.csproj", "{59B088FB-2DE3-4659-8FCF-F1391DAA801C}"
EndProject
Global
	GlobalSection(SolutionConfigurationPlatforms) = preSolution
		Debug|Any CPU = Debug|Any CPU
		Release|Any CPU = Release|Any CPU
	EndGlobalSection
	GlobalSection(ProjectConfigurationPlatforms) = postSolution
		{59B088FB-2DE3-4659-8FCF-F1391DAA801C}.Debug|Any CPU.ActiveCfg = Debug|Any CPU
		{59B088FB-2DE3-4659-8FCF-F1391DAA801C}.Debug|Any CPU.Build.0 = Debug|Any CPU
		{59B088FB-2DE3-4659-8FCF-F1391DAA801C}.Release|Any CPU.ActiveCfg = Release|Any CPU
		{59B088FB-2DE3-4659-8FCF-F1391DAA801C}.Release|Any CPU.Build.0 = Release|Any CPU
	EndGlobalSection
	GlobalSection(SolutionProperties) = preSolution
		HideSolutionNode = FALSE
	EndGlobalSection
	GlobalSection(ExtensibilityGlobals) = postSolution
		SolutionGuid = {1CCFC8D7-8992-474D-BA9B-CCCDD9A2966A}
	EndGlobalSection
EndGlobal
